// !$*UTF8*$!
{
	archiveVersion = 1;
	classes = {
	};
	objectVersion = 56;
	objects = {

/* Begin PBXBuildFile section */
		523D12BA2CDBFF140079383D /* AppDelegate.swift in Sources */ = {isa = PBXBuildFile; fileRef = 523D12B92CDBFF140079383D /* AppDelegate.swift */; };
		523D12BC2CDBFF140079383D /* SceneDelegate.swift in Sources */ = {isa = PBXBuildFile; fileRef = 523D12BB2CDBFF140079383D /* SceneDelegate.swift */; };
		523D12BE2CDBFF140079383D /* ViewController.swift in Sources */ = {isa = PBXBuildFile; fileRef = 523D12BD2CDBFF140079383D /* ViewController.swift */; };
		523D12C12CDBFF140079383D /* Main.storyboard in Resources */ = {isa = PBXBuildFile; fileRef = 523D12BF2CDBFF140079383D /* Main.storyboard */; };
		523D12C32CDBFF180079383D /* Assets.xcassets in Resources */ = {isa = PBXBuildFile; fileRef = 523D12C22CDBFF180079383D /* Assets.xcassets */; };
		523D12C62CDBFF180079383D /* LaunchScreen.storyboard in Resources */ = {isa = PBXBuildFile; fileRef = 523D12C42CDBFF180079383D /* LaunchScreen.storyboard */; };
		523D12D12CDBFF180079383D /* IOS101_PreworkTests.swift in Sources */ = {isa = PBXBuildFile; fileRef = 523D12D02CDBFF180079383D /* IOS101_PreworkTests.swift */; };
		523D12DB2CDBFF180079383D /* IOS101_PreworkUITests.swift in Sources */ = {isa = PBXBuildFile; fileRef = 523D12DA2CDBFF180079383D /* IOS101_PreworkUITests.swift */; };
		523D12DD2CDBFF180079383D /* IOS101_PreworkUITestsLaunchTests.swift in Sources */ = {isa = PBXBuildFile; fileRef = 523D12DC2CDBFF180079383D /* IOS101_PreworkUITestsLaunchTests.swift */; };
/* End PBXBuildFile section */

/* Begin PBXContainerItemProxy section */
		523D12CD2CDBFF180079383D /* PBXContainerItemProxy */ = {
			isa = PBXContainerItemProxy;
			containerPortal = 523D12AE2CDBFF140079383D /* Project object */;
			proxyType = 1;
			remoteGlobalIDString = 523D12B52CDBFF140079383D;
			remoteInfo = "IOS101-Prework";
		};
		523D12D72CDBFF180079383D /* PBXContainerItemProxy */ = {
			isa = PBXContainerItemProxy;
			containerPortal = 523D12AE2CDBFF140079383D /* Project object */;
			proxyType = 1;
			remoteGlobalIDString = 523D12B52CDBFF140079383D;
			remoteInfo = "IOS101-Prework";
		};
/* End PBXContainerItemProxy section */

/* Begin PBXFileReference section */
		523D12B62CDBFF140079383D /* IOS101-Prework.app */ = {isa = PBXFileReference; explicitFileType = wrapper.application; includeInIndex = 0; path = "IOS101-Prework.app"; sourceTree = BUILT_PRODUCTS_DIR; };
		523D12B92CDBFF140079383D /* AppDelegate.swift */ = {isa = PBXFileReference; lastKnownFileType = sourcecode.swift; path = AppDelegate.swift; sourceTree = "<group>"; };
		523D12BB2CDBFF140079383D /* SceneDelegate.swift */ = {isa = PBXFileReference; lastKnownFileType = sourcecode.swift; path = SceneDelegate.swift; sourceTree = "<group>"; };
		523D12BD2CDBFF140079383D /* ViewController.swift */ = {isa = PBXFileReference; lastKnownFileType = sourcecode.swift; path = ViewController.swift; sourceTree = "<group>"; };
		523D12C02CDBFF140079383D /* Base */ = {isa = PBXFileReference; lastKnownFileType = file.storyboard; name = Base; path = Base.lproj/Main.storyboard; sourceTree = "<group>"; };
		523D12C22CDBFF180079383D /* Assets.xcassets */ = {isa = PBXFileReference; lastKnownFileType = folder.assetcatalog; path = Assets.xcassets; sourceTree = "<group>"; };
		523D12C52CDBFF180079383D /* Base */ = {isa = PBXFileReference; lastKnownFileType = file.storyboard; name = Base; path = Base.lproj/LaunchScreen.storyboard; sourceTree = "<group>"; };
		523D12C72CDBFF180079383D /* Info.plist */ = {isa = PBXFileReference; lastKnownFileType = text.plist.xml; path = Info.plist; sourceTree = "<group>"; };
		523D12CC2CDBFF180079383D /* IOS101-PreworkTests.xctest */ = {isa = PBXFileReference; explicitFileType = wrapper.cfbundle; includeInIndex = 0; path = "IOS101-PreworkTests.xctest"; sourceTree = BUILT_PRODUCTS_DIR; };
		523D12D02CDBFF180079383D /* IOS101_PreworkTests.swift */ = {isa = PBXFileReference; lastKnownFileType = sourcecode.swift; path = IOS101_PreworkTests.swift; sourceTree = "<group>"; };
		523D12D62CDBFF180079383D /* IOS101-PreworkUITests.xctest */ = {isa = PBXFileReference; explicitFileType = wrapper.cfbundle; includeInIndex = 0; path = "IOS101-PreworkUITests.xctest"; sourceTree = BUILT_PRODUCTS_DIR; };
		523D12DA2CDBFF180079383D /* IOS101_PreworkUITests.swift */ = {isa = PBXFileReference; lastKnownFileType = sourcecode.swift; path = IOS101_PreworkUITests.swift; sourceTree = "<group>"; };
		523D12DC2CDBFF180079383D /* IOS101_PreworkUITestsLaunchTests.swift */ = {isa = PBXFileReference; lastKnownFileType = sourcecode.swift; path = IOS101_PreworkUITestsLaunchTests.swift; sourceTree = "<group>"; };
/* End PBXFileReference section */

/* Begin PBXFrameworksBuildPhase section */
		523D12B32CDBFF140079383D /* Frameworks */ = {
			isa = PBXFrameworksBuildPhase;
			buildActionMask = 2147483647;
			files = (
			);
			runOnlyForDeploymentPostprocessing = 0;
		};
		523D12C92CDBFF180079383D /* Frameworks */ = {
			isa = PBXFrameworksBuildPhase;
			buildActionMask = 2147483647;
			files = (
			);
			runOnlyForDeploymentPostprocessing = 0;
		};
		523D12D32CDBFF180079383D /* Frameworks */ = {
			isa = PBXFrameworksBuildPhase;
			buildActionMask = 2147483647;
			files = (
			);
			runOnlyForDeploymentPostprocessing = 0;
		};
/* End PBXFrameworksBuildPhase section */

/* Begin PBXGroup section */
		523D12AD2CDBFF140079383D = {
			isa = PBXGroup;
			children = (
				523D12B82CDBFF140079383D /* IOS101-Prework */,
				523D12CF2CDBFF180079383D /* IOS101-PreworkTests */,
				523D12D92CDBFF180079383D /* IOS101-PreworkUITests */,
				523D12B72CDBFF140079383D /* Products */,
			);
			sourceTree = "<group>";
		};
		523D12B72CDBFF140079383D /* Products */ = {
			isa = PBXGroup;
			children = (
				523D12B62CDBFF140079383D /* IOS101-Prework.app */,
				523D12CC2CDBFF180079383D /* IOS101-PreworkTests.xctest */,
				523D12D62CDBFF180079383D /* IOS101-PreworkUITests.xctest */,
			);
			name = Products;
			sourceTree = "<group>";
		};
		523D12B82CDBFF140079383D /* IOS101-Prework */ = {
			isa = PBXGroup;
			children = (
				523D12B92CDBFF140079383D /* AppDelegate.swift */,
				523D12BB2CDBFF140079383D /* SceneDelegate.swift */,
				523D12BD2CDBFF140079383D /* ViewController.swift */,
				523D12BF2CDBFF140079383D /* Main.storyboard */,
				523D12C22CDBFF180079383D /* Assets.xcassets */,
				523D12C42CDBFF180079383D /* LaunchScreen.storyboard */,
				523D12C72CDBFF180079383D /* Info.plist */,
			);
			path = "IOS101-Prework";
			sourceTree = "<group>";
		};
		523D12CF2CDBFF180079383D /* IOS101-PreworkTests */ = {
			isa = PBXGroup;
			children = (
				523D12D02CDBFF180079383D /* IOS101_PreworkTests.swift */,
			);
			path = "IOS101-PreworkTests";
			sourceTree = "<group>";
		};
		523D12D92CDBFF180079383D /* IOS101-PreworkUITests */ = {
			isa = PBXGroup;
			children = (
				523D12DA2CDBFF180079383D /* IOS101_PreworkUITests.swift */,
				523D12DC2CDBFF180079383D /* IOS101_PreworkUITestsLaunchTests.swift */,
			);
			path = "IOS101-PreworkUITests";
			sourceTree = "<group>";
		};
/* End PBXGroup section */

/* Begin PBXNativeTarget section */
		523D12B52CDBFF140079383D /* IOS101-Prework */ = {
			isa = PBXNativeTarget;
			buildConfigurationList = 523D12E02CDBFF180079383D /* Build configuration list for PBXNativeTarget "IOS101-Prework" */;
			buildPhases = (
				523D12B22CDBFF140079383D /* Sources */,
				523D12B32CDBFF140079383D /* Frameworks */,
				523D12B42CDBFF140079383D /* Resources */,
			);
			buildRules = (
			);
			dependencies = (
			);
			name = "IOS101-Prework";
			productName = "IOS101-Prework";
			productReference = 523D12B62CDBFF140079383D /* IOS101-Prework.app */;
			productType = "com.apple.product-type.application";
		};
		523D12CB2CDBFF180079383D /* IOS101-PreworkTests */ = {
			isa = PBXNativeTarget;
			buildConfigurationList = 523D12E32CDBFF180079383D /* Build configuration list for PBXNativeTarget "IOS101-PreworkTests" */;
			buildPhases = (
				523D12C82CDBFF180079383D /* Sources */,
				523D12C92CDBFF180079383D /* Frameworks */,
				523D12CA2CDBFF180079383D /* Resources */,
			);
			buildRules = (
			);
			dependencies = (
				523D12CE2CDBFF180079383D /* PBXTargetDependency */,
			);
			name = "IOS101-PreworkTests";
			productName = "IOS101-PreworkTests";
			productReference = 523D12CC2CDBFF180079383D /* IOS101-PreworkTests.xctest */;
			productType = "com.apple.product-type.bundle.unit-test";
		};
		523D12D52CDBFF180079383D /* IOS101-PreworkUITests */ = {
			isa = PBXNativeTarget;
			buildConfigurationList = 523D12E62CDBFF180079383D /* Build configuration list for PBXNativeTarget "IOS101-PreworkUITests" */;
			buildPhases = (
				523D12D22CDBFF180079383D /* Sources */,
				523D12D32CDBFF180079383D /* Frameworks */,
				523D12D42CDBFF180079383D /* Resources */,
			);
			buildRules = (
			);
			dependencies = (
				523D12D82CDBFF180079383D /* PBXTargetDependency */,
			);
			name = "IOS101-PreworkUITests";
			productName = "IOS101-PreworkUITests";
			productReference = 523D12D62CDBFF180079383D /* IOS101-PreworkUITests.xctest */;
			productType = "com.apple.product-type.bundle.ui-testing";
		};
/* End PBXNativeTarget section */

/* Begin PBXProject section */
		523D12AE2CDBFF140079383D /* Project object */ = {
			isa = PBXProject;
			attributes = {
				BuildIndependentTargetsInParallel = 1;
				LastSwiftUpdateCheck = 1430;
				LastUpgradeCheck = 1430;
				TargetAttributes = {
					523D12B52CDBFF140079383D = {
						CreatedOnToolsVersion = 14.3.1;
					};
					523D12CB2CDBFF180079383D = {
						CreatedOnToolsVersion = 14.3.1;
						TestTargetID = 523D12B52CDBFF140079383D;
					};
					523D12D52CDBFF180079383D = {
						CreatedOnToolsVersion = 14.3.1;
						TestTargetID = 523D12B52CDBFF140079383D;
					};
				};
			};
			buildConfigurationList = 523D12B12CDBFF140079383D /* Build configuration list for PBXProject "IOS101-Prework" */;
			compatibilityVersion = "Xcode 14.0";
			developmentRegion = en;
			hasScannedForEncodings = 0;
			knownRegions = (
				en,
				Base,
			);
			mainGroup = 523D12AD2CDBFF140079383D;
			productRefGroup = 523D12B72CDBFF140079383D /* Products */;
			projectDirPath = "";
			projectRoot = "";
			targets = (
				523D12B52CDBFF140079383D /* IOS101-Prework */,
				523D12CB2CDBFF180079383D /* IOS101-PreworkTests */,
				523D12D52CDBFF180079383D /* IOS101-PreworkUITests */,
			);
		};
/* End PBXProject section */

/* Begin PBXResourcesBuildPhase section */
		523D12B42CDBFF140079383D /* Resources */ = {
			isa = PBXResourcesBuildPhase;
			buildActionMask = 2147483647;
			files = (
				523D12C62CDBFF180079383D /* LaunchScreen.storyboard in Resources */,
				523D12C32CDBFF180079383D /* Assets.xcassets in Resources */,
				523D12C12CDBFF140079383D /* Main.storyboard in Resources */,
			);
			runOnlyForDeploymentPostprocessing = 0;
		};
		523D12CA2CDBFF180079383D /* Resources */ = {
			isa = PBXResourcesBuildPhase;
			buildActionMask = 2147483647;
			files = (
			);
			runOnlyForDeploymentPostprocessing = 0;
		};
		523D12D42CDBFF180079383D /* Resources */ = {
			isa = PBXResourcesBuildPhase;
			buildActionMask = 2147483647;
			files = (
			);
			runOnlyForDeploymentPostprocessing = 0;
		};
/* End PBXResourcesBuildPhase section */

/* Begin PBXSourcesBuildPhase section */
		523D12B22CDBFF140079383D /* Sources */ = {
			isa = PBXSourcesBuildPhase;
			buildActionMask = 2147483647;
			files = (
				523D12BE2CDBFF140079383D /* ViewController.swift in Sources */,
				523D12BA2CDBFF140079383D /* AppDelegate.swift in Sources */,
				523D12BC2CDBFF140079383D /* SceneDelegate.swift in Sources */,
			);
			runOnlyForDeploymentPostprocessing = 0;
		};
		523D12C82CDBFF180079383D /* Sources */ = {
			isa = PBXSourcesBuildPhase;
			buildActionMask = 2147483647;
			files = (
				523D12D12CDBFF180079383D /* IOS101_PreworkTests.swift in Sources */,
			);
			runOnlyForDeploymentPostprocessing = 0;
		};
		523D12D22CDBFF180079383D /* Sources */ = {
			isa = PBXSourcesBuildPhase;
			buildActionMask = 2147483647;
			files = (
				523D12DD2CDBFF180079383D /* IOS101_PreworkUITestsLaunchTests.swift in Sources */,
				523D12DB2CDBFF180079383D /* IOS101_PreworkUITests.swift in Sources */,
			);
			runOnlyForDeploymentPostprocessing = 0;
		};
/* End PBXSourcesBuildPhase section */

/* Begin PBXTargetDependency section */
		523D12CE2CDBFF180079383D /* PBXTargetDependency */ = {
			isa = PBXTargetDependency;
			target = 523D12B52CDBFF140079383D /* IOS101-Prework */;
			targetProxy = 523D12CD2CDBFF180079383D /* PBXContainerItemProxy */;
		};
		523D12D82CDBFF180079383D /* PBXTargetDependency */ = {
			isa = PBXTargetDependency;
			target = 523D12B52CDBFF140079383D /* IOS101-Prework */;
			targetProxy = 523D12D72CDBFF180079383D /* PBXContainerItemProxy */;
		};
/* End PBXTargetDependency section */

/* Begin PBXVariantGroup section */
		523D12BF2CDBFF140079383D /* Main.storyboard */ = {
			isa = PBXVariantGroup;
			children = (
				523D12C02CDBFF140079383D /* Base */,
			);
			name = Main.storyboard;
			sourceTree = "<group>";
		};
		523D12C42CDBFF180079383D /* LaunchScreen.storyboard */ = {
			isa = PBXVariantGroup;
			children = (
				523D12C52CDBFF180079383D /* Base */,
			);
			name = LaunchScreen.storyboard;
			sourceTree = "<group>";
		};
/* End PBXVariantGroup section */

/* Begin XCBuildConfiguration section */
		523D12DE2CDBFF180079383D /* Debug */ = {
			isa = XCBuildConfiguration;
			buildSettings = {
				ALWAYS_SEARCH_USER_PATHS = NO;
				CLANG_ANALYZER_NONNULL = YES;
				CLANG_ANALYZER_NUMBER_OBJECT_CONVERSION = YES_AGGRESSIVE;
				CLANG_CXX_LANGUAGE_STANDARD = "gnu++20";
				CLANG_ENABLE_MODULES = YES;
				CLANG_ENABLE_OBJC_ARC = YES;
				CLANG_ENABLE_OBJC_WEAK = YES;
				CLANG_WARN_BLOCK_CAPTURE_AUTORELEASING = YES;
				CLANG_WARN_BOOL_CONVERSION = YES;
				CLANG_WARN_COMMA = YES;
				CLANG_WARN_CONSTANT_CONVERSION = YES;
				CLANG_WARN_DEPRECATED_OBJC_IMPLEMENTATIONS = YES;
				CLANG_WARN_DIRECT_OBJC_ISA_USAGE = YES_ERROR;
				CLANG_WARN_DOCUMENTATION_COMMENTS = YES;
				CLANG_WARN_EMPTY_BODY = YES;
				CLANG_WARN_ENUM_CONVERSION = YES;
				CLANG_WARN_INFINITE_RECURSION = YES;
				CLANG_WARN_INT_CONVERSION = YES;
				CLANG_WARN_NON_LITERAL_NULL_CONVERSION = YES;
				CLANG_WARN_OBJC_IMPLICIT_RETAIN_SELF = YES;
				CLANG_WARN_OBJC_LITERAL_CONVERSION = YES;
				CLANG_WARN_OBJC_ROOT_CLASS = YES_ERROR;
				CLANG_WARN_QUOTED_INCLUDE_IN_FRAMEWORK_HEADER = YES;
				CLANG_WARN_RANGE_LOOP_ANALYSIS = YES;
				CLANG_WARN_STRICT_PROTOTYPES = YES;
				CLANG_WARN_SUSPICIOUS_MOVE = YES;
				CLANG_WARN_UNGUARDED_AVAILABILITY = YES_AGGRESSIVE;
				CLANG_WARN_UNREACHABLE_CODE = YES;
				CLANG_WARN__DUPLICATE_METHOD_MATCH = YES;
				COPY_PHASE_STRIP = NO;
				DEBUG_INFORMATION_FORMAT = dwarf;
				ENABLE_STRICT_OBJC_MSGSEND = YES;
				ENABLE_TESTABILITY = YES;
				GCC_C_LANGUAGE_STANDARD = gnu11;
				GCC_DYNAMIC_NO_PIC = NO;
				GCC_NO_COMMON_BLOCKS = YES;
				GCC_OPTIMIZATION_LEVEL = 0;
				GCC_PREPROCESSOR_DEFINITIONS = (
					"DEBUG=1",
					"$(inherited)",
				);
				GCC_WARN_64_TO_32_BIT_CONVERSION = YES;
				GCC_WARN_ABOUT_RETURN_TYPE = YES_ERROR;
				GCC_WARN_UNDECLARED_SELECTOR = YES;
				GCC_WARN_UNINITIALIZED_AUTOS = YES_AGGRESSIVE;
				GCC_WARN_UNUSED_FUNCTION = YES;
				GCC_WARN_UNUSED_VARIABLE = YES;
				IPHONEOS_DEPLOYMENT_TARGET = 16.4;
				MTL_ENABLE_DEBUG_INFO = INCLUDE_SOURCE;
				MTL_FAST_MATH = YES;
				ONLY_ACTIVE_ARCH = YES;
				SDKROOT = iphoneos;
				SWIFT_ACTIVE_COMPILATION_CONDITIONS = DEBUG;
				SWIFT_OPTIMIZATION_LEVEL = "-Onone";
			};
			name = Debug;
		};
		523D12DF2CDBFF180079383D /* Release */ = {
			isa = XCBuildConfiguration;
			buildSettings = {
				ALWAYS_SEARCH_USER_PATHS = NO;
				CLANG_ANALYZER_NONNULL = YES;
				CLANG_ANALYZER_NUMBER_OBJECT_CONVERSION = YES_AGGRESSIVE;
				CLANG_CXX_LANGUAGE_STANDARD = "gnu++20";
				CLANG_ENABLE_MODULES = YES;
				CLANG_ENABLE_OBJC_ARC = YES;
				CLANG_ENABLE_OBJC_WEAK = YES;
				CLANG_WARN_BLOCK_CAPTURE_AUTORELEASING = YES;
				CLANG_WARN_BOOL_CONVERSION = YES;
				CLANG_WARN_COMMA = YES;
				CLANG_WARN_CONSTANT_CONVERSION = YES;
				CLANG_WARN_DEPRECATED_OBJC_IMPLEMENTATIONS = YES;
				CLANG_WARN_DIRECT_OBJC_ISA_USAGE = YES_ERROR;
				CLANG_WARN_DOCUMENTATION_COMMENTS = YES;
				CLANG_WARN_EMPTY_BODY = YES;
				CLANG_WARN_ENUM_CONVERSION = YES;
				CLANG_WARN_INFINITE_RECURSION = YES;
				CLANG_WARN_INT_CONVERSION = YES;
				CLANG_WARN_NON_LITERAL_NULL_CONVERSION = YES;
				CLANG_WARN_OBJC_IMPLICIT_RETAIN_SELF = YES;
				CLANG_WARN_OBJC_LITERAL_CONVERSION = YES;
				CLANG_WARN_OBJC_ROOT_CLASS = YES_ERROR;
				CLANG_WARN_QUOTED_INCLUDE_IN_FRAMEWORK_HEADER = YES;
				CLANG_WARN_RANGE_LOOP_ANALYSIS = YES;
				CLANG_WARN_STRICT_PROTOTYPES = YES;
				CLANG_WARN_SUSPICIOUS_MOVE = YES;
				CLANG_WARN_UNGUARDED_AVAILABILITY = YES_AGGRESSIVE;
				CLANG_WARN_UNREACHABLE_CODE = YES;
				CLANG_WARN__DUPLICATE_METHOD_MATCH = YES;
				COPY_PHASE_STRIP = NO;
				DEBUG_INFORMATION_FORMAT = "dwarf-with-dsym";
				ENABLE_NS_ASSERTIONS = NO;
				ENABLE_STRICT_OBJC_MSGSEND = YES;
				GCC_C_LANGUAGE_STANDARD = gnu11;
				GCC_NO_COMMON_BLOCKS = YES;
				GCC_WARN_64_TO_32_BIT_CONVERSION = YES;
				GCC_WARN_ABOUT_RETURN_TYPE = YES_ERROR;
				GCC_WARN_UNDECLARED_SELECTOR = YES;
				GCC_WARN_UNINITIALIZED_AUTOS = YES_AGGRESSIVE;
				GCC_WARN_UNUSED_FUNCTION = YES;
				GCC_WARN_UNUSED_VARIABLE = YES;
				IPHONEOS_DEPLOYMENT_TARGET = 16.4;
				MTL_ENABLE_DEBUG_INFO = NO;
				MTL_FAST_MATH = YES;
				SDKROOT = iphoneos;
				SWIFT_COMPILATION_MODE = wholemodule;
				SWIFT_OPTIMIZATION_LEVEL = "-O";
				VALIDATE_PRODUCT = YES;
			};
			name = Release;
		};
		523D12E12CDBFF180079383D /* Debug */ = {
			isa = XCBuildConfiguration;
			buildSettings = {
				ASSETCATALOG_COMPILER_APPICON_NAME = AppIcon;
				ASSETCATALOG_COMPILER_GLOBAL_ACCENT_COLOR_NAME = AccentColor;
				CODE_SIGN_STYLE = Automatic;
				CURRENT_PROJECT_VERSION = 1;
				GENERATE_INFOPLIST_FILE = YES;
				INFOPLIST_FILE = "IOS101-Prework/Info.plist";
				INFOPLIST_KEY_UIApplicationSupportsIndirectInputEvents = YES;
				INFOPLIST_KEY_UILaunchStoryboardName = LaunchScreen;
				INFOPLIST_KEY_UIMainStoryboardFile = Main;
				INFOPLIST_KEY_UISupportedInterfaceOrientations_iPad = "UIInterfaceOrientationPortrait UIInterfaceOrientationPortraitUpsideDown UIInterfaceOrientationLandscapeLeft UIInterfaceOrientationLandscapeRight";
				INFOPLIST_KEY_UISupportedInterfaceOrientations_iPhone = "UIInterfaceOrientationPortrait UIInterfaceOrientationLandscapeLeft UIInterfaceOrientationLandscapeRight";
				LD_RUNPATH_SEARCH_PATHS = (
					"$(inherited)",
					"@executable_path/Frameworks",
				);
				MARKETING_VERSION = 1.0;
				PRODUCT_BUNDLE_IDENTIFIER = "codepath.IOS101-Prework";
				PRODUCT_NAME = "$(TARGET_NAME)";
				SWIFT_EMIT_LOC_STRINGS = YES;
				SWIFT_VERSION = 5.0;
				TARGETED_DEVICE_FAMILY = "1,2";
			};
			name = Debug;
		};
		523D12E22CDBFF180079383D /* Release */ = {
			isa = XCBuildConfiguration;
			buildSettings = {
				ASSETCATALOG_COMPILER_APPICON_NAME = AppIcon;
				ASSETCATALOG_COMPILER_GLOBAL_ACCENT_COLOR_NAME = AccentColor;
				CODE_SIGN_STYLE = Automatic;
				CURRENT_PROJECT_VERSION = 1;
				GENERATE_INFOPLIST_FILE = YES;
				INFOPLIST_FILE = "IOS101-Prework/Info.plist";
				INFOPLIST_KEY_UIApplicationSupportsIndirectInputEvents = YES;
				INFOPLIST_KEY_UILaunchStoryboardName = LaunchScreen;
				INFOPLIST_KEY_UIMainStoryboardFile = Main;
				INFOPLIST_KEY_UISupportedInterfaceOrientations_iPad = "UIInterfaceOrientationPortrait UIInterfaceOrientationPortraitUpsideDown UIInterfaceOrientationLandscapeLeft UIInterfaceOrientationLandscapeRight";
				INFOPLIST_KEY_UISupportedInterfaceOrientations_iPhone = "UIInterfaceOrientationPortrait UIInterfaceOrientationLandscapeLeft UIInterfaceOrientationLandscapeRight";
				LD_RUNPATH_SEARCH_PATHS = (
					"$(inherited)",
					"@executable_path/Frameworks",
				);
				MARKETING_VERSION = 1.0;
				PRODUCT_BUNDLE_IDENTIFIER = "codepath.IOS101-Prework";
				PRODUCT_NAME = "$(TARGET_NAME)";
				SWIFT_EMIT_LOC_STRINGS = YES;
				SWIFT_VERSION = 5.0;
				TARGETED_DEVICE_FAMILY = "1,2";
			};
			name = Release;
		};
		523D12E42CDBFF180079383D /* Debug */ = {
			isa = XCBuildConfiguration;
			buildSettings = {
				ALWAYS_EMBED_SWIFT_STANDARD_LIBRARIES = YES;
				BUNDLE_LOADER = "$(TEST_HOST)";
				CODE_SIGN_STYLE = Automatic;
				CURRENT_PROJECT_VERSION = 1;
				GENERATE_INFOPLIST_FILE = YES;
				IPHONEOS_DEPLOYMENT_TARGET = 16.4;
				MARKETING_VERSION = 1.0;
				PRODUCT_BUNDLE_IDENTIFIER = "codepath.IOS101-PreworkTests";
				PRODUCT_NAME = "$(TARGET_NAME)";
				SWIFT_EMIT_LOC_STRINGS = NO;
				SWIFT_VERSION = 5.0;
				TARGETED_DEVICE_FAMILY = "1,2";
				TEST_HOST = "$(BUILT_PRODUCTS_DIR)/IOS101-Prework.app/$(BUNDLE_EXECUTABLE_FOLDER_PATH)/IOS101-Prework";
			};
			name = Debug;
		};
		523D12E52CDBFF180079383D /* Release */ = {
			isa = XCBuildConfiguration;
			buildSettings = {
				ALWAYS_EMBED_SWIFT_STANDARD_LIBRARIES = YES;
				BUNDLE_LOADER = "$(TEST_HOST)";
				CODE_SIGN_STYLE = Automatic;
				CURRENT_PROJECT_VERSION = 1;
				GENERATE_INFOPLIST_FILE = YES;
				IPHONEOS_DEPLOYMENT_TARGET = 16.4;
				MARKETING_VERSION = 1.0;
				PRODUCT_BUNDLE_IDENTIFIER = "codepath.IOS101-PreworkTests";
				PRODUCT_NAME = "$(TARGET_NAME)";
				SWIFT_EMIT_LOC_STRINGS = NO;
				SWIFT_VERSION = 5.0;
				TARGETED_DEVICE_FAMILY = "1,2";
				TEST_HOST = "$(BUILT_PRODUCTS_DIR)/IOS101-Prework.app/$(BUNDLE_EXECUTABLE_FOLDER_PATH)/IOS101-Prework";
			};
			name = Release;
		};
		523D12E72CDBFF180079383D /* Debug */ = {
			isa = XCBuildConfiguration;
			buildSettings = {
				ALWAYS_EMBED_SWIFT_STANDARD_LIBRARIES = YES;
				CODE_SIGN_STYLE = Automatic;
				CURRENT_PROJECT_VERSION = 1;
				GENERATE_INFOPLIST_FILE = YES;
				MARKETING_VERSION = 1.0;
				PRODUCT_BUNDLE_IDENTIFIER = "codepath.IOS101-PreworkUITests";
				PRODUCT_NAME = "$(TARGET_NAME)";
				SWIFT_EMIT_LOC_STRINGS = NO;
				SWIFT_VERSION = 5.0;
				TARGETED_DEVICE_FAMILY = "1,2";
				TEST_TARGET_NAME = "IOS101-Prework";
			};
			name = Debug;
		};
		523D12E82CDBFF180079383D /* Release */ = {
			isa = XCBuildConfiguration;
			buildSettings = {
				ALWAYS_EMBED_SWIFT_STANDARD_LIBRARIES = YES;
				CODE_SIGN_STYLE = Automatic;
				CURRENT_PROJECT_VERSION = 1;
				GENERATE_INFOPLIST_FILE = YES;
				MARKETING_VERSION = 1.0;
				PRODUCT_BUNDLE_IDENTIFIER = "codepath.IOS101-PreworkUITests";
				PRODUCT_NAME = "$(TARGET_NAME)";
				SWIFT_EMIT_LOC_STRINGS = NO;
				SWIFT_VERSION = 5.0;
				TARGETED_DEVICE_FAMILY = "1,2";
				TEST_TARGET_NAME = "IOS101-Prework";
			};
			name = Release;
		};
/* End XCBuildConfiguration section */

/* Begin XCConfigurationList section */
		523D12B12CDBFF140079383D /* Build configuration list for PBXProject "IOS101-Prework" */ = {
			isa = XCConfigurationList;
			buildConfigurations = (
				523D12DE2CDBFF180079383D /* Debug */,
				523D12DF2CDBFF180079383D /* Release */,
			);
			defaultConfigurationIsVisible = 0;
			defaultConfigurationName = Release;
		};
		523D12E02CDBFF180079383D /* Build configuration list for PBXNativeTarget "IOS101-Prework" */ = {
			isa = XCConfigurationList;
			buildConfigurations = (
				523D12E12CDBFF180079383D /* Debug */,
				523D12E22CDBFF180079383D /* Release */,
			);
			defaultConfigurationIsVisible = 0;
			defaultConfigurationName = Release;
		};
		523D12E32CDBFF180079383D /* Build configuration list for PBXNativeTarget "IOS101-PreworkTests" */ = {
			isa = XCConfigurationList;
			buildConfigurations = (
				523D12E42CDBFF180079383D /* Debug */,
				523D12E52CDBFF180079383D /* Release */,
			);
			defaultConfigurationIsVisible = 0;
			defaultConfigurationName = Release;
		};
		523D12E62CDBFF180079383D /* Build configuration list for PBXNativeTarget "IOS101-PreworkUITests" */ = {
			isa = XCConfigurationList;
			buildConfigurations = (
				523D12E72CDBFF180079383D /* Debug */,
				523D12E82CDBFF180079383D /* Release */,
			);
			defaultConfigurationIsVisible = 0;
			defaultConfigurationName = Release;
		};
/* End XCConfigurationList section */
	};
	rootObject = 523D12AE2CDBFF140079383D /* Project object */;
}
